
Microsoft Visual Studio Solution File, Format Version 12.00
# Visual Studio Version 17
VisualStudioVersion = 17.2.32526.322
MinimumVisualStudioVersion = 10.0.40219.1
Project("{FAE04EC0-301F-11D3-BF4B-00C04F79EFBC}") = "s3molib", "s3molib\s3molib.csproj", "{87B8E0C1-7F37-45EC-A52F-66B8D55867DB}"
EndProject
Global
	GlobalSection(SolutionConfigurationPlatforms) = preSolution
		Debug|Any CPU = Debug|Any CPU
		Release|Any CPU = Release|Any CPU
	EndGlobalSection
	GlobalSection(ProjectConfigurationPlatforms) = postSolution
		{87B8E0C1-7F37-45EC-A52F-66B8D55867DB}.Debug|Any CPU.ActiveCfg = Debug|Any CPU
		{87B8E0C1-7F37-45EC-A52F-66B8D55867DB}.Debug|Any CPU.Build.0 = Debug|Any CPU
		{87B8E0C1-7F37-45EC-A52F-66B8D55867DB}.Release|Any CPU.ActiveCfg = Release|Any CPU
		{87B8E0C1-7F37-45EC-A52F-66B8D55867DB}.Release|Any CPU.Build.0 = Release|Any CPU
	EndGlobalSection
	GlobalSection(SolutionProperties) = preSolution
		HideSolutionNode = FALSE
	EndGlobalSection
	GlobalSection(ExtensibilityGlobals) = postSolution
		SolutionGuid = {1A1D169D-3343-49A2-AE2E-A04CA965F9B2}
	EndGlobalSection
EndGlobal
